
Microsoft Visual Studio Solution File, Format Version 12.00
# Visual Studio Version 17
VisualStudioVersion = 17.14.36109.1 d17.14
MinimumVisualStudioVersion = 10.0.40219.1
Project("{FAE04EC0-301F-11D3-BF4B-00C04F79EFBC}") = "TEMPORADA2025,", "TEMPORADA2025,\TEMPORADA2025,.csproj", "{C3BC0122-4DAD-426D-AD71-3F31B7FD48FB}"
EndProject
Global
	GlobalSection(SolutionConfigurationPlatforms) = preSolution
		Debug|Any CPU = Debug|Any CPU
		Release|Any CPU = Release|Any CPU
	EndGlobalSection
	GlobalSection(ProjectConfigurationPlatforms) = postSolution
		{C3BC0122-4DAD-426D-AD71-3F31B7FD48FB}.Debug|Any CPU.ActiveCfg = Debug|Any CPU
		{C3BC0122-4DAD-426D-AD71-3F31B7FD48FB}.Debug|Any CPU.Build.0 = Debug|Any CPU
		{C3BC0122-4DAD-426D-AD71-3F31B7FD48FB}.Release|Any CPU.ActiveCfg = Release|Any CPU
		{C3BC0122-4DAD-426D-AD71-3F31B7FD48FB}.Release|Any CPU.Build.0 = Release|Any CPU
	EndGlobalSection
	GlobalSection(SolutionProperties) = preSolution
		HideSolutionNode = FALSE
	EndGlobalSection
	GlobalSection(ExtensibilityGlobals) = postSolution
		SolutionGuid = {E60DCFC4-1274-49BA-9BD2-F3AE7387873E}
	EndGlobalSection
EndGlobal
